Microsoft Visual Studio Solution File, Format Version 12.00
# Visual Studio Version 17
VisualStudioVersion = 17.5.2.0
MinimumVisualStudioVersion = 10.0.40219.1
Project("{FAE04EC0-301F-11D3-BF4B-00C04F79EFBC}") = "Trackr.API", "Trackr.API\Trackr.API.csproj", "{A7E3D69D-9EA7-88E9-5B4D-1E0366A221B4}"
EndProject
Global
	GlobalSection(SolutionConfigurationPlatforms) = preSolution
		Debug|Any CPU = Debug|Any CPU
		Release|Any CPU = Release|Any CPU
	EndGlobalSection
	GlobalSection(ProjectConfigurationPlatforms) = postSolution
		{A7E3D69D-9EA7-88E9-5B4D-1E0366A221B4}.Debug|Any CPU.ActiveCfg = Debug|Any CPU
		{A7E3D69D-9EA7-88E9-5B4D-1E0366A221B4}.Debug|Any CPU.Build.0 = Debug|Any CPU
		{A7E3D69D-9EA7-88E9-5B4D-1E0366A221B4}.Release|Any CPU.ActiveCfg = Release|Any CPU
		{A7E3D69D-9EA7-88E9-5B4D-1E0366A221B4}.Release|Any CPU.Build.0 = Release|Any CPU
	EndGlobalSection
	GlobalSection(SolutionProperties) = preSolution
		HideSolutionNode = FALSE
	EndGlobalSection
	GlobalSection(ExtensibilityGlobals) = postSolution
		SolutionGuid = {B7574B01-889E-4A78-955D-8A53DBA25C9E}
	EndGlobalSection
EndGlobal
